// !$*UTF8*$!
{
	archiveVersion = 1;
	classes = {
	};
	objectVersion = 56;
	objects = {

/* Begin PBXBuildFile section */
		5C24990C2BEFDE7C00AFF802 /* Model.swift in Sources */ = {isa = PBXBuildFile; fileRef = 5C24990B2BEFDE7C00AFF802 /* Model.swift */; };
		5C4A86BE2BE78B7200C19D70 /* dashboardApp.swift in Sources */ = {isa = PBXBuildFile; fileRef = 5C4A86BD2BE78B7200C19D70 /* dashboardApp.swift */; };
		5C4A86C02BE78B7200C19D70 /* ContentView.swift in Sources */ = {isa = PBXBuildFile; fileRef = 5C4A86BF2BE78B7200C19D70 /* ContentView.swift */; };
		5C4A86C22BE78B7200C19D70 /* Item.swift in Sources */ = {isa = PBXBuildFile; fileRef = 5C4A86C12BE78B7200C19D70 /* Item.swift */; };
		5C4A86C42BE78B7400C19D70 /* Assets.xcassets in Resources */ = {isa = PBXBuildFile; fileRef = 5C4A86C32BE78B7400C19D70 /* Assets.xcassets */; };
		5C4A86C72BE78B7400C19D70 /* Preview Assets.xcassets in Resources */ = {isa = PBXBuildFile; fileRef = 5C4A86C62BE78B7400C19D70 /* Preview Assets.xcassets */; };
		5C4A86D12BE78B7400C19D70 /* dashboardTests.swift in Sources */ = {isa = PBXBuildFile; fileRef = 5C4A86D02BE78B7400C19D70 /* dashboardTests.swift */; };
		5C4A86DB2BE78B7400C19D70 /* dashboardUITests.swift in Sources */ = {isa = PBXBuildFile; fileRef = 5C4A86DA2BE78B7400C19D70 /* dashboardUITests.swift */; };
		5C4A86DD2BE78B7400C19D70 /* dashboardUITestsLaunchTests.swift in Sources */ = {isa = PBXBuildFile; fileRef = 5C4A86DC2BE78B7400C19D70 /* dashboardUITestsLaunchTests.swift */; };
/* End PBXBuildFile section */

/* Begin PBXContainerItemProxy section */
		5C4A86CD2BE78B7400C19D70 /* PBXContainerItemProxy */ = {
			isa = PBXContainerItemProxy;
			containerPortal = 5C4A86B22BE78B7100C19D70 /* Project object */;
			proxyType = 1;
			remoteGlobalIDString = 5C4A86B92BE78B7100C19D70;
			remoteInfo = dashboard;
		};
		5C4A86D72BE78B7400C19D70 /* PBXContainerItemProxy */ = {
			isa = PBXContainerItemProxy;
			containerPortal = 5C4A86B22BE78B7100C19D70 /* Project object */;
			proxyType = 1;
			remoteGlobalIDString = 5C4A86B92BE78B7100C19D70;
			remoteInfo = dashboard;
		};
/* End PBXContainerItemProxy section */

/* Begin PBXFileReference section */
		5C24990B2BEFDE7C00AFF802 /* Model.swift */ = {isa = PBXFileReference; lastKnownFileType = sourcecode.swift; path = Model.swift; sourceTree = "<group>"; };
		5C4A86BA2BE78B7100C19D70 /* dashboard.app */ = {isa = PBXFileReference; explicitFileType = wrapper.application; includeInIndex = 0; path = dashboard.app; sourceTree = BUILT_PRODUCTS_DIR; };
		5C4A86BD2BE78B7200C19D70 /* dashboardApp.swift */ = {isa = PBXFileReference; lastKnownFileType = sourcecode.swift; path = dashboardApp.swift; sourceTree = "<group>"; };
		5C4A86BF2BE78B7200C19D70 /* ContentView.swift */ = {isa = PBXFileReference; lastKnownFileType = sourcecode.swift; path = ContentView.swift; sourceTree = "<group>"; };
		5C4A86C12BE78B7200C19D70 /* Item.swift */ = {isa = PBXFileReference; lastKnownFileType = sourcecode.swift; path = Item.swift; sourceTree = "<group>"; };
		5C4A86C32BE78B7400C19D70 /* Assets.xcassets */ = {isa = PBXFileReference; lastKnownFileType = folder.assetcatalog; path = Assets.xcassets; sourceTree = "<group>"; };
		5C4A86C62BE78B7400C19D70 /* Preview Assets.xcassets */ = {isa = PBXFileReference; lastKnownFileType = folder.assetcatalog; path = "Preview Assets.xcassets"; sourceTree = "<group>"; };
		5C4A86CC2BE78B7400C19D70 /* dashboardTests.xctest */ = {isa = PBXFileReference; explicitFileType = wrapper.cfbundle; includeInIndex = 0; path = dashboardTests.xctest; sourceTree = BUILT_PRODUCTS_DIR; };
		5C4A86D02BE78B7400C19D70 /* dashboardTests.swift */ = {isa = PBXFileReference; lastKnownFileType = sourcecode.swift; path = dashboardTests.swift; sourceTree = "<group>"; };
		5C4A86D62BE78B7400C19D70 /* dashboardUITests.xctest */ = {isa = PBXFileReference; explicitFileType = wrapper.cfbundle; includeInIndex = 0; path = dashboardUITests.xctest; sourceTree = BUILT_PRODUCTS_DIR; };
		5C4A86DA2BE78B7400C19D70 /* dashboardUITests.swift */ = {isa = PBXFileReference; lastKnownFileType = sourcecode.swift; path = dashboardUITests.swift; sourceTree = "<group>"; };
		5C4A86DC2BE78B7400C19D70 /* dashboardUITestsLaunchTests.swift */ = {isa = PBXFileReference; lastKnownFileType = sourcecode.swift; path = dashboardUITestsLaunchTests.swift; sourceTree = "<group>"; };
/* End PBXFileReference section */

/* Begin PBXFrameworksBuildPhase section */
		5C4A86B72BE78B7100C19D70 /* Frameworks */ = {
			isa = PBXFrameworksBuildPhase;
			buildActionMask = 2147483647;
			files = (
			);
			runOnlyForDeploymentPostprocessing = 0;
		};
		5C4A86C92BE78B7400C19D70 /* Frameworks */ = {
			isa = PBXFrameworksBuildPhase;
			buildActionMask = 2147483647;
			files = (
			);
			runOnlyForDeploymentPostprocessing = 0;
		};
		5C4A86D32BE78B7400C19D70 /* Frameworks */ = {
			isa = PBXFrameworksBuildPhase;
			buildActionMask = 2147483647;
			files = (
			);
			runOnlyForDeploymentPostprocessing = 0;
		};
/* End PBXFrameworksBuildPhase section */

/* Begin PBXGroup section */
		5C4A86B12BE78B7100C19D70 = {
			isa = PBXGroup;
			children = (
				5C4A86BC2BE78B7200C19D70 /* dashboard */,
				5C4A86CF2BE78B7400C19D70 /* dashboardTests */,
				5C4A86D92BE78B7400C19D70 /* dashboardUITests */,
				5C4A86BB2BE78B7100C19D70 /* Products */,
			);
			sourceTree = "<group>";
		};
		5C4A86BB2BE78B7100C19D70 /* Products */ = {
			isa = PBXGroup;
			children = (
				5C4A86BA2BE78B7100C19D70 /* dashboard.app */,
				5C4A86CC2BE78B7400C19D70 /* dashboardTests.xctest */,
				5C4A86D62BE78B7400C19D70 /* dashboardUITests.xctest */,
			);
			name = Products;
			sourceTree = "<group>";
		};
		5C4A86BC2BE78B7200C19D70 /* dashboard */ = {
			isa = PBXGroup;
			children = (
				5C24990B2BEFDE7C00AFF802 /* Model.swift */,
				5C4A86BD2BE78B7200C19D70 /* dashboardApp.swift */,
				5C4A86BF2BE78B7200C19D70 /* ContentView.swift */,
				5C4A86C12BE78B7200C19D70 /* Item.swift */,
				5C4A86C32BE78B7400C19D70 /* Assets.xcassets */,
				5C4A86C52BE78B7400C19D70 /* Preview Content */,
			);
			path = dashboard;
			sourceTree = "<group>";
		};
		5C4A86C52BE78B7400C19D70 /* Preview Content */ = {
			isa = PBXGroup;
			children = (
				5C4A86C62BE78B7400C19D70 /* Preview Assets.xcassets */,
			);
			path = "Preview Content";
			sourceTree = "<group>";
		};
		5C4A86CF2BE78B7400C19D70 /* dashboardTests */ = {
			isa = PBXGroup;
			children = (
				5C4A86D02BE78B7400C19D70 /* dashboardTests.swift */,
			);
			path = dashboardTests;
			sourceTree = "<group>";
		};
		5C4A86D92BE78B7400C19D70 /* dashboardUITests */ = {
			isa = PBXGroup;
			children = (
				5C4A86DA2BE78B7400C19D70 /* dashboardUITests.swift */,
				5C4A86DC2BE78B7400C19D70 /* dashboardUITestsLaunchTests.swift */,
			);
			path = dashboardUITests;
			sourceTree = "<group>";
		};
/* End PBXGroup section */

/* Begin PBXNativeTarget section */
		5C4A86B92BE78B7100C19D70 /* dashboard */ = {
			isa = PBXNativeTarget;
			buildConfigurationList = 5C4A86E02BE78B7400C19D70 /* Build configuration list for PBXNativeTarget "dashboard" */;
			buildPhases = (
				5C4A86B62BE78B7100C19D70 /* Sources */,
				5C4A86B72BE78B7100C19D70 /* Frameworks */,
				5C4A86B82BE78B7100C19D70 /* Resources */,
			);
			buildRules = (
			);
			dependencies = (
			);
			name = dashboard;
			productName = dashboard;
			productReference = 5C4A86BA2BE78B7100C19D70 /* dashboard.app */;
			productType = "com.apple.product-type.application";
		};
		5C4A86CB2BE78B7400C19D70 /* dashboardTests */ = {
			isa = PBXNativeTarget;
			buildConfigurationList = 5C4A86E32BE78B7400C19D70 /* Build configuration list for PBXNativeTarget "dashboardTests" */;
			buildPhases = (
				5C4A86C82BE78B7400C19D70 /* Sources */,
				5C4A86C92BE78B7400C19D70 /* Frameworks */,
				5C4A86CA2BE78B7400C19D70 /* Resources */,
			);
			buildRules = (
			);
			dependencies = (
				5C4A86CE2BE78B7400C19D70 /* PBXTargetDependency */,
			);
			name = dashboardTests;
			productName = dashboardTests;
			productReference = 5C4A86CC2BE78B7400C19D70 /* dashboardTests.xctest */;
			productType = "com.apple.product-type.bundle.unit-test";
		};
		5C4A86D52BE78B7400C19D70 /* dashboardUITests */ = {
			isa = PBXNativeTarget;
			buildConfigurationList = 5C4A86E62BE78B7400C19D70 /* Build configuration list for PBXNativeTarget "dashboardUITests" */;
			buildPhases = (
				5C4A86D22BE78B7400C19D70 /* Sources */,
				5C4A86D32BE78B7400C19D70 /* Frameworks */,
				5C4A86D42BE78B7400C19D70 /* Resources */,
			);
			buildRules = (
			);
			dependencies = (
				5C4A86D82BE78B7400C19D70 /* PBXTargetDependency */,
			);
			name = dashboardUITests;
			productName = dashboardUITests;
			productReference = 5C4A86D62BE78B7400C19D70 /* dashboardUITests.xctest */;
			productType = "com.apple.product-type.bundle.ui-testing";
		};
/* End PBXNativeTarget section */

/* Begin PBXProject section */
		5C4A86B22BE78B7100C19D70 /* Project object */ = {
			isa = PBXProject;
			attributes = {
				BuildIndependentTargetsInParallel = 1;
				LastSwiftUpdateCheck = 1530;
				LastUpgradeCheck = 1530;
				TargetAttributes = {
					5C4A86B92BE78B7100C19D70 = {
						CreatedOnToolsVersion = 15.3;
					};
					5C4A86CB2BE78B7400C19D70 = {
						CreatedOnToolsVersion = 15.3;
						TestTargetID = 5C4A86B92BE78B7100C19D70;
					};
					5C4A86D52BE78B7400C19D70 = {
						CreatedOnToolsVersion = 15.3;
						TestTargetID = 5C4A86B92BE78B7100C19D70;
					};
				};
			};
			buildConfigurationList = 5C4A86B52BE78B7100C19D70 /* Build configuration list for PBXProject "dashboard" */;
			compatibilityVersion = "Xcode 14.0";
			developmentRegion = en;
			hasScannedForEncodings = 0;
			knownRegions = (
				en,
				Base,
			);
			mainGroup = 5C4A86B12BE78B7100C19D70;
			productRefGroup = 5C4A86BB2BE78B7100C19D70 /* Products */;
			projectDirPath = "";
			projectRoot = "";
			targets = (
				5C4A86B92BE78B7100C19D70 /* dashboard */,
				5C4A86CB2BE78B7400C19D70 /* dashboardTests */,
				5C4A86D52BE78B7400C19D70 /* dashboardUITests */,
			);
		};
/* End PBXProject section */

/* Begin PBXResourcesBuildPhase section */
		5C4A86B82BE78B7100C19D70 /* Resources */ = {
			isa = PBXResourcesBuildPhase;
			buildActionMask = 2147483647;
			files = (
				5C4A86C72BE78B7400C19D70 /* Preview Assets.xcassets in Resources */,
				5C4A86C42BE78B7400C19D70 /* Assets.xcassets in Resources */,
			);
			runOnlyForDeploymentPostprocessing = 0;
		};
		5C4A86CA2BE78B7400C19D70 /* Resources */ = {
			isa = PBXResourcesBuildPhase;
			buildActionMask = 2147483647;
			files = (
			);
			runOnlyForDeploymentPostprocessing = 0;
		};
		5C4A86D42BE78B7400C19D70 /* Resources */ = {
			isa = PBXResourcesBuildPhase;
			buildActionMask = 2147483647;
			files = (
			);
			runOnlyForDeploymentPostprocessing = 0;
		};
/* End PBXResourcesBuildPhase section */

/* Begin PBXSourcesBuildPhase section */
		5C4A86B62BE78B7100C19D70 /* Sources */ = {
			isa = PBXSourcesBuildPhase;
			buildActionMask = 2147483647;
			files = (
				5C4A86C02BE78B7200C19D70 /* ContentView.swift in Sources */,
				5C4A86C22BE78B7200C19D70 /* Item.swift in Sources */,
				5C4A86BE2BE78B7200C19D70 /* dashboardApp.swift in Sources */,
				5C24990C2BEFDE7C00AFF802 /* Model.swift in Sources */,
			);
			runOnlyForDeploymentPostprocessing = 0;
		};
		5C4A86C82BE78B7400C19D70 /* Sources */ = {
			isa = PBXSourcesBuildPhase;
			buildActionMask = 2147483647;
			files = (
				5C4A86D12BE78B7400C19D70 /* dashboardTests.swift in Sources */,
			);
			runOnlyForDeploymentPostprocessing = 0;
		};
		5C4A86D22BE78B7400C19D70 /* Sources */ = {
			isa = PBXSourcesBuildPhase;
			buildActionMask = 2147483647;
			files = (
				5C4A86DB2BE78B7400C19D70 /* dashboardUITests.swift in Sources */,
				5C4A86DD2BE78B7400C19D70 /* dashboardUITestsLaunchTests.swift in Sources */,
			);
			runOnlyForDeploymentPostprocessing = 0;
		};
/* End PBXSourcesBuildPhase section */

/* Begin PBXTargetDependency section */
		5C4A86CE2BE78B7400C19D70 /* PBXTargetDependency */ = {
			isa = PBXTargetDependency;
			target = 5C4A86B92BE78B7100C19D70 /* dashboard */;
			targetProxy = 5C4A86CD2BE78B7400C19D70 /* PBXContainerItemProxy */;
		};
		5C4A86D82BE78B7400C19D70 /* PBXTargetDependency */ = {
			isa = PBXTargetDependency;
			target = 5C4A86B92BE78B7100C19D70 /* dashboard */;
			targetProxy = 5C4A86D72BE78B7400C19D70 /* PBXContainerItemProxy */;
		};
/* End PBXTargetDependency section */

/* Begin XCBuildConfiguration section */
		5C4A86DE2BE78B7400C19D70 /* Debug */ = {
			isa = XCBuildConfiguration;
			buildSettings = {
				ALWAYS_SEARCH_USER_PATHS = NO;
				ASSETCATALOG_COMPILER_GENERATE_SWIFT_ASSET_SYMBOL_EXTENSIONS = YES;
				CLANG_ANALYZER_NONNULL = YES;
				CLANG_ANALYZER_NUMBER_OBJECT_CONVERSION = YES_AGGRESSIVE;
				CLANG_CXX_LANGUAGE_STANDARD = "gnu++20";
				CLANG_ENABLE_MODULES = YES;
				CLANG_ENABLE_OBJC_ARC = YES;
				CLANG_ENABLE_OBJC_WEAK = YES;
				CLANG_WARN_BLOCK_CAPTURE_AUTORELEASING = YES;
				CLANG_WARN_BOOL_CONVERSION = YES;
				CLANG_WARN_COMMA = YES;
				CLANG_WARN_CONSTANT_CONVERSION = YES;
				CLANG_WARN_DEPRECATED_OBJC_IMPLEMENTATIONS = YES;
				CLANG_WARN_DIRECT_OBJC_ISA_USAGE = YES_ERROR;
				CLANG_WARN_DOCUMENTATION_COMMENTS = YES;
				CLANG_WARN_EMPTY_BODY = YES;
				CLANG_WARN_ENUM_CONVERSION = YES;
				CLANG_WARN_INFINITE_RECURSION = YES;
				CLANG_WARN_INT_CONVERSION = YES;
				CLANG_WARN_NON_LITERAL_NULL_CONVERSION = YES;
				CLANG_WARN_OBJC_IMPLICIT_RETAIN_SELF = YES;
				CLANG_WARN_OBJC_LITERAL_CONVERSION = YES;
				CLANG_WARN_OBJC_ROOT_CLASS = YES_ERROR;
				CLANG_WARN_QUOTED_INCLUDE_IN_FRAMEWORK_HEADER = YES;
				CLANG_WARN_RANGE_LOOP_ANALYSIS = YES;
				CLANG_WARN_STRICT_PROTOTYPES = YES;
				CLANG_WARN_SUSPICIOUS_MOVE = YES;
				CLANG_WARN_UNGUARDED_AVAILABILITY = YES_AGGRESSIVE;
				CLANG_WARN_UNREACHABLE_CODE = YES;
				CLANG_WARN__DUPLICATE_METHOD_MATCH = YES;
				COPY_PHASE_STRIP = NO;
				DEBUG_INFORMATION_FORMAT = dwarf;
				ENABLE_STRICT_OBJC_MSGSEND = YES;
				ENABLE_TESTABILITY = YES;
				ENABLE_USER_SCRIPT_SANDBOXING = YES;
				GCC_C_LANGUAGE_STANDARD = gnu17;
				GCC_DYNAMIC_NO_PIC = NO;
				GCC_NO_COMMON_BLOCKS = YES;
				GCC_OPTIMIZATION_LEVEL = 0;
				GCC_PREPROCESSOR_DEFINITIONS = (
					"DEBUG=1",
					"$(inherited)",
				);
				GCC_WARN_64_TO_32_BIT_CONVERSION = YES;
				GCC_WARN_ABOUT_RETURN_TYPE = YES_ERROR;
				GCC_WARN_UNDECLARED_SELECTOR = YES;
				GCC_WARN_UNINITIALIZED_AUTOS = YES_AGGRESSIVE;
				GCC_WARN_UNUSED_FUNCTION = YES;
				GCC_WARN_UNUSED_VARIABLE = YES;
				IPHONEOS_DEPLOYMENT_TARGET = 17.4;
				LOCALIZATION_PREFERS_STRING_CATALOGS = YES;
				MTL_ENABLE_DEBUG_INFO = INCLUDE_SOURCE;
				MTL_FAST_MATH = YES;
				ONLY_ACTIVE_ARCH = YES;
				SDKROOT = iphoneos;
				SWIFT_ACTIVE_COMPILATION_CONDITIONS = "DEBUG $(inherited)";
				SWIFT_OPTIMIZATION_LEVEL = "-Onone";
			};
			name = Debug;
		};
		5C4A86DF2BE78B7400C19D70 /* Release */ = {
			isa = XCBuildConfiguration;
			buildSettings = {
				ALWAYS_SEARCH_USER_PATHS = NO;
				ASSETCATALOG_COMPILER_GENERATE_SWIFT_ASSET_SYMBOL_EXTENSIONS = YES;
				CLANG_ANALYZER_NONNULL = YES;
				CLANG_ANALYZER_NUMBER_OBJECT_CONVERSION = YES_AGGRESSIVE;
				CLANG_CXX_LANGUAGE_STANDARD = "gnu++20";
				CLANG_ENABLE_MODULES = YES;
				CLANG_ENABLE_OBJC_ARC = YES;
				CLANG_ENABLE_OBJC_WEAK = YES;
				CLANG_WARN_BLOCK_CAPTURE_AUTORELEASING = YES;
				CLANG_WARN_BOOL_CONVERSION = YES;
				CLANG_WARN_COMMA = YES;
				CLANG_WARN_CONSTANT_CONVERSION = YES;
				CLANG_WARN_DEPRECATED_OBJC_IMPLEMENTATIONS = YES;
				CLANG_WARN_DIRECT_OBJC_ISA_USAGE = YES_ERROR;
				CLANG_WARN_DOCUMENTATION_COMMENTS = YES;
				CLANG_WARN_EMPTY_BODY = YES;
				CLANG_WARN_ENUM_CONVERSION = YES;
				CLANG_WARN_INFINITE_RECURSION = YES;
				CLANG_WARN_INT_CONVERSION = YES;
				CLANG_WARN_NON_LITERAL_NULL_CONVERSION = YES;
				CLANG_WARN_OBJC_IMPLICIT_RETAIN_SELF = YES;
				CLANG_WARN_OBJC_LITERAL_CONVERSION = YES;
				CLANG_WARN_OBJC_ROOT_CLASS = YES_ERROR;
				CLANG_WARN_QUOTED_INCLUDE_IN_FRAMEWORK_HEADER = YES;
				CLANG_WARN_RANGE_LOOP_ANALYSIS = YES;
				CLANG_WARN_STRICT_PROTOTYPES = YES;
				CLANG_WARN_SUSPICIOUS_MOVE = YES;
				CLANG_WARN_UNGUARDED_AVAILABILITY = YES_AGGRESSIVE;
				CLANG_WARN_UNREACHABLE_CODE = YES;
				CLANG_WARN__DUPLICATE_METHOD_MATCH = YES;
				COPY_PHASE_STRIP = NO;
				DEBUG_INFORMATION_FORMAT = "dwarf-with-dsym";
				ENABLE_NS_ASSERTIONS = NO;
				ENABLE_STRICT_OBJC_MSGSEND = YES;
				ENABLE_USER_SCRIPT_SANDBOXING = YES;
				GCC_C_LANGUAGE_STANDARD = gnu17;
				GCC_NO_COMMON_BLOCKS = YES;
				GCC_WARN_64_TO_32_BIT_CONVERSION = YES;
				GCC_WARN_ABOUT_RETURN_TYPE = YES_ERROR;
				GCC_WARN_UNDECLARED_SELECTOR = YES;
				GCC_WARN_UNINITIALIZED_AUTOS = YES_AGGRESSIVE;
				GCC_WARN_UNUSED_FUNCTION = YES;
				GCC_WARN_UNUSED_VARIABLE = YES;
				IPHONEOS_DEPLOYMENT_TARGET = 17.4;
				LOCALIZATION_PREFERS_STRING_CATALOGS = YES;
				MTL_ENABLE_DEBUG_INFO = NO;
				MTL_FAST_MATH = YES;
				SDKROOT = iphoneos;
				SWIFT_COMPILATION_MODE = wholemodule;
				VALIDATE_PRODUCT = YES;
			};
			name = Release;
		};
		5C4A86E12BE78B7400C19D70 /* Debug */ = {
			isa = XCBuildConfiguration;
			buildSettings = {
				ASSETCATALOG_COMPILER_APPICON_NAME = AppIcon;
				ASSETCATALOG_COMPILER_GLOBAL_ACCENT_COLOR_NAME = AccentColor;
				CODE_SIGN_STYLE = Automatic;
				CURRENT_PROJECT_VERSION = 1;
				DEVELOPMENT_ASSET_PATHS = "\"dashboard/Preview Content\"";
				ENABLE_PREVIEWS = YES;
				GENERATE_INFOPLIST_FILE = YES;
				INFOPLIST_KEY_UIApplicationSceneManifest_Generation = YES;
				INFOPLIST_KEY_UIApplicationSupportsIndirectInputEvents = YES;
				INFOPLIST_KEY_UILaunchScreen_Generation = YES;
				INFOPLIST_KEY_UISupportedInterfaceOrientations_iPad = "UIInterfaceOrientationPortrait UIInterfaceOrientationPortraitUpsideDown UIInterfaceOrientationLandscapeLeft UIInterfaceOrientationLandscapeRight";
				INFOPLIST_KEY_UISupportedInterfaceOrientations_iPhone = "UIInterfaceOrientationPortrait UIInterfaceOrientationLandscapeLeft UIInterfaceOrientationLandscapeRight";
				LD_RUNPATH_SEARCH_PATHS = (
					"$(inherited)",
					"@executable_path/Frameworks",
				);
				MARKETING_VERSION = 1.0;
				PRODUCT_BUNDLE_IDENTIFIER = design.dashboard;
				PRODUCT_NAME = "$(TARGET_NAME)";
				SWIFT_EMIT_LOC_STRINGS = YES;
				SWIFT_VERSION = 5.0;
				TARGETED_DEVICE_FAMILY = "1,2";
			};
			name = Debug;
		};
		5C4A86E22BE78B7400C19D70 /* Release */ = {
			isa = XCBuildConfiguration;
			buildSettings = {
				ASSETCATALOG_COMPILER_APPICON_NAME = AppIcon;
				ASSETCATALOG_COMPILER_GLOBAL_ACCENT_COLOR_NAME = AccentColor;
				CODE_SIGN_STYLE = Automatic;
				CURRENT_PROJECT_VERSION = 1;
				DEVELOPMENT_ASSET_PATHS = "\"dashboard/Preview Content\"";
				ENABLE_PREVIEWS = YES;
				GENERATE_INFOPLIST_FILE = YES;
				INFOPLIST_KEY_UIApplicationSceneManifest_Generation = YES;
				INFOPLIST_KEY_UIApplicationSupportsIndirectInputEvents = YES;
				INFOPLIST_KEY_UILaunchScreen_Generation = YES;
				INFOPLIST_KEY_UISupportedInterfaceOrientations_iPad = "UIInterfaceOrientationPortrait UIInterfaceOrientationPortraitUpsideDown UIInterfaceOrientationLandscapeLeft UIInterfaceOrientationLandscapeRight";
				INFOPLIST_KEY_UISupportedInterfaceOrientations_iPhone = "UIInterfaceOrientationPortrait UIInterfaceOrientationLandscapeLeft UIInterfaceOrientationLandscapeRight";
				LD_RUNPATH_SEARCH_PATHS = (
					"$(inherited)",
					"@executable_path/Frameworks",
				);
				MARKETING_VERSION = 1.0;
				PRODUCT_BUNDLE_IDENTIFIER = design.dashboard;
				PRODUCT_NAME = "$(TARGET_NAME)";
				SWIFT_EMIT_LOC_STRINGS = YES;
				SWIFT_VERSION = 5.0;
				TARGETED_DEVICE_FAMILY = "1,2";
			};
			name = Release;
		};
		5C4A86E42BE78B7400C19D70 /* Debug */ = {
			isa = XCBuildConfiguration;
			buildSettings = {
				ALWAYS_EMBED_SWIFT_STANDARD_LIBRARIES = YES;
				BUNDLE_LOADER = "$(TEST_HOST)";
				CODE_SIGN_STYLE = Automatic;
				CURRENT_PROJECT_VERSION = 1;
				GENERATE_INFOPLIST_FILE = YES;
				IPHONEOS_DEPLOYMENT_TARGET = 17.4;
				MARKETING_VERSION = 1.0;
				PRODUCT_BUNDLE_IDENTIFIER = design.dashboardTests;
				PRODUCT_NAME = "$(TARGET_NAME)";
				SWIFT_EMIT_LOC_STRINGS = NO;
				SWIFT_VERSION = 5.0;
				TARGETED_DEVICE_FAMILY = "1,2";
				TEST_HOST = "$(BUILT_PRODUCTS_DIR)/dashboard.app/$(BUNDLE_EXECUTABLE_FOLDER_PATH)/dashboard";
			};
			name = Debug;
		};
		5C4A86E52BE78B7400C19D70 /* Release */ = {
			isa = XCBuildConfiguration;
			buildSettings = {
				ALWAYS_EMBED_SWIFT_STANDARD_LIBRARIES = YES;
				BUNDLE_LOADER = "$(TEST_HOST)";
				CODE_SIGN_STYLE = Automatic;
				CURRENT_PROJECT_VERSION = 1;
				GENERATE_INFOPLIST_FILE = YES;
				IPHONEOS_DEPLOYMENT_TARGET = 17.4;
				MARKETING_VERSION = 1.0;
				PRODUCT_BUNDLE_IDENTIFIER = design.dashboardTests;
				PRODUCT_NAME = "$(TARGET_NAME)";
				SWIFT_EMIT_LOC_STRINGS = NO;
				SWIFT_VERSION = 5.0;
				TARGETED_DEVICE_FAMILY = "1,2";
				TEST_HOST = "$(BUILT_PRODUCTS_DIR)/dashboard.app/$(BUNDLE_EXECUTABLE_FOLDER_PATH)/dashboard";
			};
			name = Release;
		};
		5C4A86E72BE78B7400C19D70 /* Debug */ = {
			isa = XCBuildConfiguration;
			buildSettings = {
				ALWAYS_EMBED_SWIFT_STANDARD_LIBRARIES = YES;
				CODE_SIGN_STYLE = Automatic;
				CURRENT_PROJECT_VERSION = 1;
				GENERATE_INFOPLIST_FILE = YES;
				MARKETING_VERSION = 1.0;
				PRODUCT_BUNDLE_IDENTIFIER = design.dashboardUITests;
				PRODUCT_NAME = "$(TARGET_NAME)";
				SWIFT_EMIT_LOC_STRINGS = NO;
				SWIFT_VERSION = 5.0;
				TARGETED_DEVICE_FAMILY = "1,2";
				TEST_TARGET_NAME = dashboard;
			};
			name = Debug;
		};
		5C4A86E82BE78B7400C19D70 /* Release */ = {
			isa = XCBuildConfiguration;
			buildSettings = {
				ALWAYS_EMBED_SWIFT_STANDARD_LIBRARIES = YES;
				CODE_SIGN_STYLE = Automatic;
				CURRENT_PROJECT_VERSION = 1;
				GENERATE_INFOPLIST_FILE = YES;
				MARKETING_VERSION = 1.0;
				PRODUCT_BUNDLE_IDENTIFIER = design.dashboardUITests;
				PRODUCT_NAME = "$(TARGET_NAME)";
				SWIFT_EMIT_LOC_STRINGS = NO;
				SWIFT_VERSION = 5.0;
				TARGETED_DEVICE_FAMILY = "1,2";
				TEST_TARGET_NAME = dashboard;
			};
			name = Release;
		};
/* End XCBuildConfiguration section */

/* Begin XCConfigurationList section */
		5C4A86B52BE78B7100C19D70 /* Build configuration list for PBXProject "dashboard" */ = {
			isa = XCConfigurationList;
			buildConfigurations = (
				5C4A86DE2BE78B7400C19D70 /* Debug */,
				5C4A86DF2BE78B7400C19D70 /* Release */,
			);
			defaultConfigurationIsVisible = 0;
			defaultConfigurationName = Release;
		};
		5C4A86E02BE78B7400C19D70 /* Build configuration list for PBXNativeTarget "dashboard" */ = {
			isa = XCConfigurationList;
			buildConfigurations = (
				5C4A86E12BE78B7400C19D70 /* Debug */,
				5C4A86E22BE78B7400C19D70 /* Release */,
			);
			defaultConfigurationIsVisible = 0;
			defaultConfigurationName = Release;
		};
		5C4A86E32BE78B7400C19D70 /* Build configuration list for PBXNativeTarget "dashboardTests" */ = {
			isa = XCConfigurationList;
			buildConfigurations = (
				5C4A86E42BE78B7400C19D70 /* Debug */,
				5C4A86E52BE78B7400C19D70 /* Release */,
			);
			defaultConfigurationIsVisible = 0;
			defaultConfigurationName = Release;
		};
		5C4A86E62BE78B7400C19D70 /* Build configuration list for PBXNativeTarget "dashboardUITests" */ = {
			isa = XCConfigurationList;
			buildConfigurations = (
				5C4A86E72BE78B7400C19D70 /* Debug */,
				5C4A86E82BE78B7400C19D70 /* Release */,
			);
			defaultConfigurationIsVisible = 0;
			defaultConfigurationName = Release;
		};
/* End XCConfigurationList section */
	};
	rootObject = 5C4A86B22BE78B7100C19D70 /* Project object */;
}
